
Microsoft Visual Studio Solution File, Format Version 12.00
Project("{FAE04EC0-301F-11D3-BF4B-00C04F79EFBC}") = "Task 1", "Task 1\Task 1.csproj", "{5A4FA434-CCB4-4C66-9D3D-DC6F31504FFC}"
EndProject
Project("{FAE04EC0-301F-11D3-BF4B-00C04F79EFBC}") = "Task 2", "Task 2\Task 2.csproj", "{28E0C277-D67B-4B83-ADBE-3F80E8320F6E}"
EndProject
Project("{FAE04EC0-301F-11D3-BF4B-00C04F79EFBC}") = "Task 3", "Task 3\Task 3.csproj", "{1FEE9565-2B0B-44B5-9912-6E8588D6D1B9}"
EndProject
Project("{FAE04EC0-301F-11D3-BF4B-00C04F79EFBC}") = "Task 4", "Task 4\Task 4.csproj", "{044E6BFA-5FED-43B2-9895-F2F60DDAF59B}"
EndProject
Global
	GlobalSection(SolutionConfigurationPlatforms) = preSolution
		Debug|Any CPU = Debug|Any CPU
		Release|Any CPU = Release|Any CPU
	EndGlobalSection
	GlobalSection(ProjectConfigurationPlatforms) = postSolution
		{5A4FA434-CCB4-4C66-9D3D-DC6F31504FFC}.Debug|Any CPU.ActiveCfg = Debug|Any CPU
		{5A4FA434-CCB4-4C66-9D3D-DC6F31504FFC}.Debug|Any CPU.Build.0 = Debug|Any CPU
		{5A4FA434-CCB4-4C66-9D3D-DC6F31504FFC}.Release|Any CPU.ActiveCfg = Release|Any CPU
		{5A4FA434-CCB4-4C66-9D3D-DC6F31504FFC}.Release|Any CPU.Build.0 = Release|Any CPU
		{28E0C277-D67B-4B83-ADBE-3F80E8320F6E}.Debug|Any CPU.ActiveCfg = Debug|Any CPU
		{28E0C277-D67B-4B83-ADBE-3F80E8320F6E}.Debug|Any CPU.Build.0 = Debug|Any CPU
		{28E0C277-D67B-4B83-ADBE-3F80E8320F6E}.Release|Any CPU.ActiveCfg = Release|Any CPU
		{28E0C277-D67B-4B83-ADBE-3F80E8320F6E}.Release|Any CPU.Build.0 = Release|Any CPU
		{1FEE9565-2B0B-44B5-9912-6E8588D6D1B9}.Debug|Any CPU.ActiveCfg = Debug|Any CPU
		{1FEE9565-2B0B-44B5-9912-6E8588D6D1B9}.Debug|Any CPU.Build.0 = Debug|Any CPU
		{1FEE9565-2B0B-44B5-9912-6E8588D6D1B9}.Release|Any CPU.ActiveCfg = Release|Any CPU
		{1FEE9565-2B0B-44B5-9912-6E8588D6D1B9}.Release|Any CPU.Build.0 = Release|Any CPU
		{044E6BFA-5FED-43B2-9895-F2F60DDAF59B}.Debug|Any CPU.ActiveCfg = Debug|Any CPU
		{044E6BFA-5FED-43B2-9895-F2F60DDAF59B}.Debug|Any CPU.Build.0 = Debug|Any CPU
		{044E6BFA-5FED-43B2-9895-F2F60DDAF59B}.Release|Any CPU.ActiveCfg = Release|Any CPU
		{044E6BFA-5FED-43B2-9895-F2F60DDAF59B}.Release|Any CPU.Build.0 = Release|Any CPU
	EndGlobalSection
EndGlobal
