
Microsoft Visual Studio Solution File, Format Version 12.00
Project("{FAE04EC0-301F-11D3-BF4B-00C04F79EFBC}") = "Task 1", "Task 1\Task 1.csproj", "{DD7172AB-5D2B-4EDF-8202-926F78797187}"
EndProject
Project("{FAE04EC0-301F-11D3-BF4B-00C04F79EFBC}") = "Task 2", "Task 2\Task 2.csproj", "{4520746B-73EC-4FDF-A218-4D4A52227E3A}"
EndProject
Project("{FAE04EC0-301F-11D3-BF4B-00C04F79EFBC}") = "Task 3", "Task 3\Task 3.csproj", "{B4540237-4AD3-4F72-8DD0-B7DD593D3EE3}"
EndProject
Global
	GlobalSection(SolutionConfigurationPlatforms) = preSolution
		Debug|Any CPU = Debug|Any CPU
		Release|Any CPU = Release|Any CPU
	EndGlobalSection
	GlobalSection(ProjectConfigurationPlatforms) = postSolution
		{DD7172AB-5D2B-4EDF-8202-926F78797187}.Debug|Any CPU.ActiveCfg = Debug|Any CPU
		{DD7172AB-5D2B-4EDF-8202-926F78797187}.Debug|Any CPU.Build.0 = Debug|Any CPU
		{DD7172AB-5D2B-4EDF-8202-926F78797187}.Release|Any CPU.ActiveCfg = Release|Any CPU
		{DD7172AB-5D2B-4EDF-8202-926F78797187}.Release|Any CPU.Build.0 = Release|Any CPU
		{4520746B-73EC-4FDF-A218-4D4A52227E3A}.Debug|Any CPU.ActiveCfg = Debug|Any CPU
		{4520746B-73EC-4FDF-A218-4D4A52227E3A}.Debug|Any CPU.Build.0 = Debug|Any CPU
		{4520746B-73EC-4FDF-A218-4D4A52227E3A}.Release|Any CPU.ActiveCfg = Release|Any CPU
		{4520746B-73EC-4FDF-A218-4D4A52227E3A}.Release|Any CPU.Build.0 = Release|Any CPU
		{B4540237-4AD3-4F72-8DD0-B7DD593D3EE3}.Debug|Any CPU.ActiveCfg = Debug|Any CPU
		{B4540237-4AD3-4F72-8DD0-B7DD593D3EE3}.Debug|Any CPU.Build.0 = Debug|Any CPU
		{B4540237-4AD3-4F72-8DD0-B7DD593D3EE3}.Release|Any CPU.ActiveCfg = Release|Any CPU
		{B4540237-4AD3-4F72-8DD0-B7DD593D3EE3}.Release|Any CPU.Build.0 = Release|Any CPU
	EndGlobalSection
EndGlobal
