
Microsoft Visual Studio Solution File, Format Version 12.00
Project("{FAE04EC0-301F-11D3-BF4B-00C04F79EFBC}") = "Task 1", "Task 1\Task 1.csproj", "{36CC5CB3-230C-4B9C-A908-663DC4657F9D}"
EndProject
Project("{FAE04EC0-301F-11D3-BF4B-00C04F79EFBC}") = "Task 2", "Task 2\Task 2.csproj", "{93A56ADA-6B79-4D6A-81ED-5617010A5045}"
EndProject
Project("{FAE04EC0-301F-11D3-BF4B-00C04F79EFBC}") = "Task 3", "Task 3\Task 3.csproj", "{8A1B2130-AD40-4672-87A9-44BB6EF4803D}"
EndProject
Global
	GlobalSection(SolutionConfigurationPlatforms) = preSolution
		Debug|Any CPU = Debug|Any CPU
		Release|Any CPU = Release|Any CPU
	EndGlobalSection
	GlobalSection(ProjectConfigurationPlatforms) = postSolution
		{36CC5CB3-230C-4B9C-A908-663DC4657F9D}.Debug|Any CPU.ActiveCfg = Debug|Any CPU
		{36CC5CB3-230C-4B9C-A908-663DC4657F9D}.Debug|Any CPU.Build.0 = Debug|Any CPU
		{36CC5CB3-230C-4B9C-A908-663DC4657F9D}.Release|Any CPU.ActiveCfg = Release|Any CPU
		{36CC5CB3-230C-4B9C-A908-663DC4657F9D}.Release|Any CPU.Build.0 = Release|Any CPU
		{93A56ADA-6B79-4D6A-81ED-5617010A5045}.Debug|Any CPU.ActiveCfg = Debug|Any CPU
		{93A56ADA-6B79-4D6A-81ED-5617010A5045}.Debug|Any CPU.Build.0 = Debug|Any CPU
		{93A56ADA-6B79-4D6A-81ED-5617010A5045}.Release|Any CPU.ActiveCfg = Release|Any CPU
		{93A56ADA-6B79-4D6A-81ED-5617010A5045}.Release|Any CPU.Build.0 = Release|Any CPU
		{8A1B2130-AD40-4672-87A9-44BB6EF4803D}.Debug|Any CPU.ActiveCfg = Debug|Any CPU
		{8A1B2130-AD40-4672-87A9-44BB6EF4803D}.Debug|Any CPU.Build.0 = Debug|Any CPU
		{8A1B2130-AD40-4672-87A9-44BB6EF4803D}.Release|Any CPU.ActiveCfg = Release|Any CPU
		{8A1B2130-AD40-4672-87A9-44BB6EF4803D}.Release|Any CPU.Build.0 = Release|Any CPU
	EndGlobalSection
EndGlobal
