
Microsoft Visual Studio Solution File, Format Version 12.00
Project("{FAE04EC0-301F-11D3-BF4B-00C04F79EFBC}") = "Task 1", "Task 1\Task 1.csproj", "{58D07F75-533B-4768-9A60-A29F1E900AD4}"
EndProject
Project("{FAE04EC0-301F-11D3-BF4B-00C04F79EFBC}") = "Task 2", "Task 2\Task 2.csproj", "{2238F6E6-F046-499F-B2EA-1E28FDFD2451}"
EndProject
Project("{FAE04EC0-301F-11D3-BF4B-00C04F79EFBC}") = "Task 3", "Task 3\Task 3.csproj", "{5A0631AC-5EA9-4242-9586-FD8F1E007C90}"
EndProject
Project("{FAE04EC0-301F-11D3-BF4B-00C04F79EFBC}") = "Task 4", "Task 4\Task 4.csproj", "{7DC0C1E5-C87C-4180-B701-F64A4E0FD238}"
EndProject
Project("{FAE04EC0-301F-11D3-BF4B-00C04F79EFBC}") = "Task 5", "Task 5\Task 5.csproj", "{09467D39-EBAC-420E-9548-88AF8A4F669E}"
EndProject
Project("{FAE04EC0-301F-11D3-BF4B-00C04F79EFBC}") = "Task 6", "Task 6\Task 6.csproj", "{F6D5E7C1-5A87-4813-AFFD-5852C1B6270A}"
EndProject
Project("{FAE04EC0-301F-11D3-BF4B-00C04F79EFBC}") = "Task 7", "Task 7\Task 7.csproj", "{38647705-05EB-4BA6-8842-9A6917CB7421}"
EndProject
Global
	GlobalSection(SolutionConfigurationPlatforms) = preSolution
		Debug|Any CPU = Debug|Any CPU
		Release|Any CPU = Release|Any CPU
	EndGlobalSection
	GlobalSection(ProjectConfigurationPlatforms) = postSolution
		{58D07F75-533B-4768-9A60-A29F1E900AD4}.Debug|Any CPU.ActiveCfg = Debug|Any CPU
		{58D07F75-533B-4768-9A60-A29F1E900AD4}.Debug|Any CPU.Build.0 = Debug|Any CPU
		{58D07F75-533B-4768-9A60-A29F1E900AD4}.Release|Any CPU.ActiveCfg = Release|Any CPU
		{58D07F75-533B-4768-9A60-A29F1E900AD4}.Release|Any CPU.Build.0 = Release|Any CPU
		{2238F6E6-F046-499F-B2EA-1E28FDFD2451}.Debug|Any CPU.ActiveCfg = Debug|Any CPU
		{2238F6E6-F046-499F-B2EA-1E28FDFD2451}.Debug|Any CPU.Build.0 = Debug|Any CPU
		{2238F6E6-F046-499F-B2EA-1E28FDFD2451}.Release|Any CPU.ActiveCfg = Release|Any CPU
		{2238F6E6-F046-499F-B2EA-1E28FDFD2451}.Release|Any CPU.Build.0 = Release|Any CPU
		{5A0631AC-5EA9-4242-9586-FD8F1E007C90}.Debug|Any CPU.ActiveCfg = Debug|Any CPU
		{5A0631AC-5EA9-4242-9586-FD8F1E007C90}.Debug|Any CPU.Build.0 = Debug|Any CPU
		{5A0631AC-5EA9-4242-9586-FD8F1E007C90}.Release|Any CPU.ActiveCfg = Release|Any CPU
		{5A0631AC-5EA9-4242-9586-FD8F1E007C90}.Release|Any CPU.Build.0 = Release|Any CPU
		{7DC0C1E5-C87C-4180-B701-F64A4E0FD238}.Debug|Any CPU.ActiveCfg = Debug|Any CPU
		{7DC0C1E5-C87C-4180-B701-F64A4E0FD238}.Debug|Any CPU.Build.0 = Debug|Any CPU
		{7DC0C1E5-C87C-4180-B701-F64A4E0FD238}.Release|Any CPU.ActiveCfg = Release|Any CPU
		{7DC0C1E5-C87C-4180-B701-F64A4E0FD238}.Release|Any CPU.Build.0 = Release|Any CPU
		{09467D39-EBAC-420E-9548-88AF8A4F669E}.Debug|Any CPU.ActiveCfg = Debug|Any CPU
		{09467D39-EBAC-420E-9548-88AF8A4F669E}.Debug|Any CPU.Build.0 = Debug|Any CPU
		{09467D39-EBAC-420E-9548-88AF8A4F669E}.Release|Any CPU.ActiveCfg = Release|Any CPU
		{09467D39-EBAC-420E-9548-88AF8A4F669E}.Release|Any CPU.Build.0 = Release|Any CPU
		{F6D5E7C1-5A87-4813-AFFD-5852C1B6270A}.Debug|Any CPU.ActiveCfg = Debug|Any CPU
		{F6D5E7C1-5A87-4813-AFFD-5852C1B6270A}.Debug|Any CPU.Build.0 = Debug|Any CPU
		{F6D5E7C1-5A87-4813-AFFD-5852C1B6270A}.Release|Any CPU.ActiveCfg = Release|Any CPU
		{F6D5E7C1-5A87-4813-AFFD-5852C1B6270A}.Release|Any CPU.Build.0 = Release|Any CPU
		{38647705-05EB-4BA6-8842-9A6917CB7421}.Debug|Any CPU.ActiveCfg = Debug|Any CPU
		{38647705-05EB-4BA6-8842-9A6917CB7421}.Debug|Any CPU.Build.0 = Debug|Any CPU
		{38647705-05EB-4BA6-8842-9A6917CB7421}.Release|Any CPU.ActiveCfg = Release|Any CPU
		{38647705-05EB-4BA6-8842-9A6917CB7421}.Release|Any CPU.Build.0 = Release|Any CPU
	EndGlobalSection
EndGlobal
