
Microsoft Visual Studio Solution File, Format Version 12.00
Project("{FAE04EC0-301F-11D3-BF4B-00C04F79EFBC}") = "Task 1", "Task 1\Task 1.csproj", "{53A520E2-0B12-4439-BD17-031EC4EDF004}"
EndProject
Project("{FAE04EC0-301F-11D3-BF4B-00C04F79EFBC}") = "Task 2", "Task 2\Task 2.csproj", "{9957071C-E5A7-4F56-8DCE-0E5DF74177C8}"
EndProject
Project("{FAE04EC0-301F-11D3-BF4B-00C04F79EFBC}") = "Task 3", "Task 3\Task 3.csproj", "{3C0894C7-DFC5-4188-BCF7-71AAFCE5BDF3}"
EndProject
Project("{FAE04EC0-301F-11D3-BF4B-00C04F79EFBC}") = "Task 4", "Task 4\Task 4.csproj", "{CEB6F005-631D-4FB4-A886-BDFE5B00A36F}"
EndProject
Global
	GlobalSection(SolutionConfigurationPlatforms) = preSolution
		Debug|Any CPU = Debug|Any CPU
		Release|Any CPU = Release|Any CPU
	EndGlobalSection
	GlobalSection(ProjectConfigurationPlatforms) = postSolution
		{53A520E2-0B12-4439-BD17-031EC4EDF004}.Debug|Any CPU.ActiveCfg = Debug|Any CPU
		{53A520E2-0B12-4439-BD17-031EC4EDF004}.Debug|Any CPU.Build.0 = Debug|Any CPU
		{53A520E2-0B12-4439-BD17-031EC4EDF004}.Release|Any CPU.ActiveCfg = Release|Any CPU
		{53A520E2-0B12-4439-BD17-031EC4EDF004}.Release|Any CPU.Build.0 = Release|Any CPU
		{9957071C-E5A7-4F56-8DCE-0E5DF74177C8}.Debug|Any CPU.ActiveCfg = Debug|Any CPU
		{9957071C-E5A7-4F56-8DCE-0E5DF74177C8}.Debug|Any CPU.Build.0 = Debug|Any CPU
		{9957071C-E5A7-4F56-8DCE-0E5DF74177C8}.Release|Any CPU.ActiveCfg = Release|Any CPU
		{9957071C-E5A7-4F56-8DCE-0E5DF74177C8}.Release|Any CPU.Build.0 = Release|Any CPU
		{3C0894C7-DFC5-4188-BCF7-71AAFCE5BDF3}.Debug|Any CPU.ActiveCfg = Debug|Any CPU
		{3C0894C7-DFC5-4188-BCF7-71AAFCE5BDF3}.Debug|Any CPU.Build.0 = Debug|Any CPU
		{3C0894C7-DFC5-4188-BCF7-71AAFCE5BDF3}.Release|Any CPU.ActiveCfg = Release|Any CPU
		{3C0894C7-DFC5-4188-BCF7-71AAFCE5BDF3}.Release|Any CPU.Build.0 = Release|Any CPU
		{CEB6F005-631D-4FB4-A886-BDFE5B00A36F}.Debug|Any CPU.ActiveCfg = Debug|Any CPU
		{CEB6F005-631D-4FB4-A886-BDFE5B00A36F}.Debug|Any CPU.Build.0 = Debug|Any CPU
		{CEB6F005-631D-4FB4-A886-BDFE5B00A36F}.Release|Any CPU.ActiveCfg = Release|Any CPU
		{CEB6F005-631D-4FB4-A886-BDFE5B00A36F}.Release|Any CPU.Build.0 = Release|Any CPU
	EndGlobalSection
EndGlobal
